
Microsoft Visual Studio Solution File, Format Version 12.00
# Visual Studio Version 17
VisualStudioVersion = 17.14.37531.7 d17.14
MinimumVisualStudioVersion = 10.0.40219.1
Project("{FAE04EC0-301F-11D3-BF4B-00C04F79EFBC}") = "KT7", "KT7\KT7.csproj", "{EDCCF2D6-DBB2-41CE-93AA-BCBC0F458151}"
EndProject
Global
	GlobalSection(SolutionConfigurationPlatforms) = preSolution
		Debug|Any CPU = Debug|Any CPU
		Release|Any CPU = Release|Any CPU
	EndGlobalSection
	GlobalSection(ProjectConfigurationPlatforms) = postSolution
		{EDCCF2D6-DBB2-41CE-93AA-BCBC0F458151}.Debug|Any CPU.ActiveCfg = Debug|Any CPU
		{EDCCF2D6-DBB2-41CE-93AA-BCBC0F458151}.Debug|Any CPU.Build.0 = Debug|Any CPU
		{EDCCF2D6-DBB2-41CE-93AA-BCBC0F458151}.Release|Any CPU.ActiveCfg = Release|Any CPU
		{EDCCF2D6-DBB2-41CE-93AA-BCBC0F458151}.Release|Any CPU.Build.0 = Release|Any CPU
	EndGlobalSection
	GlobalSection(SolutionProperties) = preSolution
		HideSolutionNode = FALSE
	EndGlobalSection
	GlobalSection(ExtensibilityGlobals) = postSolution
		SolutionGuid = {3F41E938-CD0A-4383-B3E1-D435EDBA8706}
	EndGlobalSection
EndGlobal
